<?xml version="1.0" encoding="utf-8"?>
<Project ToolsVersion="4.0" xmlns="http://schemas.microsoft.com/developer/msbuild/2003">
  <ItemGroup>
    <Filter Include="源文件">
      <UniqueIdentifier>{4FC737F1-C7A5-4376-A066-2A32D752A2FF}</UniqueIdentifier>
      <Extensions>cpp;c;cc;cxx;def;odl;idl;hpj;bat;asm;asmx</Extensions>
    </Filter>
    <Filter Include="头文件">
      <UniqueIdentifier>{93995380-89BD-4b04-88EB-625FBE52EBFB}</UniqueIdentifier>
      <Extensions>h;hh;hpp;hxx;hm;inl;inc;ipp;xsd</Extensions>
    </Filter>
    <Filter Include="资源文件">
      <UniqueIdentifier>{67DA6AB6-F800-4c08-8B7A-83BB121AAD01}</UniqueIdentifier>
      <Extensions>rc;ico;cur;bmp;dlg;rc2;rct;bin;rgs;gif;jpg;jpeg;jpe;resx;tiff;tif;png;wav;mfcribbon-ms</Extensions>
    </Filter>
  </ItemGroup>
  <ItemGroup>
    <ClCompile Include="partical_life_system.cpp">
      <Filter>源文件</Filter>
    </ClCompile>
    <ClCompile Include="texture.cpp">
      <Filter>源文件</Filter>
    </ClCompile>
    <ClCompile Include="Model.cpp">
      <Filter>源文件</Filter>
    </ClCompile>
    <ClCompile Include="MTLLoader.cpp">
      <Filter>源文件</Filter>
    </ClCompile>
    <ClCompile Include="OBJLoader.cpp">
      <Filter>源文件</Filter>
    </ClCompile>
    <ClCompile Include="SpaceShip.cpp">
      <Filter>源文件</Filter>
    </ClCompile>
    <ClCompile Include="Stone.cpp">
      <Filter>源文件</Filter>
    </ClCompile>
    <ClCompile Include="src\glad.c">
      <Filter>源文件</Filter>
    </ClCompile>
    <ClCompile Include="CollisionController.cpp">
      <Filter>源文件</Filter>
    </ClCompile>
    <ClCompile Include="main .cpp">
      <Filter>源文件</Filter>
    </ClCompile>
  </ItemGroup>
  <ItemGroup>
    <ClInclude Include="stb_image.h">
      <Filter>头文件</Filter>
    </ClInclude>
    <ClInclude Include="partical_life.h">
      <Filter>头文件</Filter>
    </ClInclude>
    <ClInclude Include="texture.h">
      <Filter>头文件</Filter>
    </ClInclude>
    <ClInclude Include="Camera.h">
      <Filter>头文件</Filter>
    </ClInclude>
    <ClInclude Include="Model.h">
      <Filter>头文件</Filter>
    </ClInclude>
    <ClInclude Include="MTLLoader.h">
      <Filter>头文件</Filter>
    </ClInclude>
    <ClInclude Include="OBJLoader.h">
      <Filter>头文件</Filter>
    </ClInclude>
    <ClInclude Include="SpaceShip.h">
      <Filter>头文件</Filter>
    </ClInclude>
    <ClInclude Include="Stone.h">
      <Filter>头文件</Filter>
    </ClInclude>
    <ClInclude Include="Shader.h">
      <Filter>头文件</Filter>
    </ClInclude>
    <ClInclude Include="CollisionController.h">
      <Filter>头文件</Filter>
    </ClInclude>
    <ClInclude Include="stb_image_write.h">
      <Filter>头文件</Filter>
    </ClInclude>
    <ClInclude Include="OBJWriter.h">
      <Filter>头文件</Filter>
    </ClInclude>
    <ClInclude Include="GeometricSolid.h">
      <Filter>头文件</Filter>
    </ClInclude>
  </ItemGroup>
  <ItemGroup>
    <None Include="bloom_final.fs">
      <Filter>资源文件</Filter>
    </None>
    <None Include="blur.fs">
      <Filter>资源文件</Filter>
    </None>
    <None Include="lights.fs">
      <Filter>资源文件</Filter>
    </None>
    <None Include="particle.fs">
      <Filter>资源文件</Filter>
    </None>
    <None Include="Sky.fs">
      <Filter>资源文件</Filter>
    </None>
    <None Include="split.fs">
      <Filter>资源文件</Filter>
    </None>
    <None Include="split.gs">
      <Filter>资源文件</Filter>
    </None>
    <None Include="bloom_final.vs">
      <Filter>资源文件</Filter>
    </None>
    <None Include="blur.vs">
      <Filter>资源文件</Filter>
    </None>
    <None Include="lights.vs">
      <Filter>资源文件</Filter>
    </None>
    <None Include="particle.vs">
      <Filter>资源文件</Filter>
    </None>
    <None Include="Sky.vs">
      <Filter>资源文件</Filter>
    </None>
    <None Include="split.vs">
      <Filter>资源文件</Filter>
    </None>
    <None Include="shadow_mapping_depth.fs">
      <Filter>资源文件</Filter>
    </None>
    <None Include="shadow_mapping_depth.vs">
      <Filter>资源文件</Filter>
    </None>
    <None Include="gameover.fs">
      <Filter>资源文件</Filter>
    </None>
    <None Include="gameover.vs">
      <Filter>资源文件</Filter>
    </None>
    <None Include="test.vs">
      <Filter>资源文件</Filter>
    </None>
    <None Include="test.fs">
      <Filter>资源文件</Filter>
    </None>
    <None Include="splitWithLight.fs">
      <Filter>资源文件</Filter>
    </None>
  </ItemGroup>
</Project>